// !$*UTF8*$!
{
	archiveVersion = 1;
	classes = {
	};
	objectVersion = 50;
	objects = {

/* Begin PBXBuildFile section */
		AD66226022D41213005228D8 /* AppDelegate.swift in Sources */ = {isa = PBXBuildFile; fileRef = AD66225F22D41213005228D8 /* AppDelegate.swift */; };
		AD66226222D41213005228D8 /* ViewController.swift in Sources */ = {isa = PBXBuildFile; fileRef = AD66226122D41213005228D8 /* ViewController.swift */; };
		AD66226522D41213005228D8 /* Main.storyboard in Resources */ = {isa = PBXBuildFile; fileRef = AD66226322D41213005228D8 /* Main.storyboard */; };
		AD66226722D41218005228D8 /* Assets.xcassets in Resources */ = {isa = PBXBuildFile; fileRef = AD66226622D41218005228D8 /* Assets.xcassets */; };
		AD66226A22D41218005228D8 /* LaunchScreen.storyboard in Resources */ = {isa = PBXBuildFile; fileRef = AD66226822D41218005228D8 /* LaunchScreen.storyboard */; };
		AD66227522D41218005228D8 /* MemorizeTests.swift in Sources */ = {isa = PBXBuildFile; fileRef = AD66227422D41218005228D8 /* MemorizeTests.swift */; };
		AD66228022D41218005228D8 /* MemorizeUITests.swift in Sources */ = {isa = PBXBuildFile; fileRef = AD66227F22D41218005228D8 /* MemorizeUITests.swift */; };
		AD66228E22D41465005228D8 /* MemoryItem.swift in Sources */ = {isa = PBXBuildFile; fileRef = AD66228D22D41465005228D8 /* MemoryItem.swift */; };
		AD66229022D414AF005228D8 /* Items.json in Resources */ = {isa = PBXBuildFile; fileRef = AD66228F22D414AE005228D8 /* Items.json */; };
		AD66229222D42A3A005228D8 /* MemoryViewController.swift in Sources */ = {isa = PBXBuildFile; fileRef = AD66229122D42A3A005228D8 /* MemoryViewController.swift */; };
/* End PBXBuildFile section */

/* Begin PBXContainerItemProxy section */
		AD66227122D41218005228D8 /* PBXContainerItemProxy */ = {
			isa = PBXContainerItemProxy;
			containerPortal = AD66225422D41213005228D8 /* Project object */;
			proxyType = 1;
			remoteGlobalIDString = AD66225B22D41213005228D8;
			remoteInfo = Memorize;
		};
		AD66227C22D41218005228D8 /* PBXContainerItemProxy */ = {
			isa = PBXContainerItemProxy;
			containerPortal = AD66225422D41213005228D8 /* Project object */;
			proxyType = 1;
			remoteGlobalIDString = AD66225B22D41213005228D8;
			remoteInfo = Memorize;
		};
/* End PBXContainerItemProxy section */

/* Begin PBXFileReference section */
		AD66225C22D41213005228D8 /* Memorize.app */ = {isa = PBXFileReference; explicitFileType = wrapper.application; includeInIndex = 0; path = Memorize.app; sourceTree = BUILT_PRODUCTS_DIR; };
		AD66225F22D41213005228D8 /* AppDelegate.swift */ = {isa = PBXFileReference; lastKnownFileType = sourcecode.swift; path = AppDelegate.swift; sourceTree = "<group>"; };
		AD66226122D41213005228D8 /* ViewController.swift */ = {isa = PBXFileReference; lastKnownFileType = sourcecode.swift; path = ViewController.swift; sourceTree = "<group>"; };
		AD66226422D41213005228D8 /* Base */ = {isa = PBXFileReference; lastKnownFileType = file.storyboard; name = Base; path = Base.lproj/Main.storyboard; sourceTree = "<group>"; };
		AD66226622D41218005228D8 /* Assets.xcassets */ = {isa = PBXFileReference; lastKnownFileType = folder.assetcatalog; path = Assets.xcassets; sourceTree = "<group>"; };
		AD66226922D41218005228D8 /* Base */ = {isa = PBXFileReference; lastKnownFileType = file.storyboard; name = Base; path = Base.lproj/LaunchScreen.storyboard; sourceTree = "<group>"; };
		AD66226B22D41218005228D8 /* Info.plist */ = {isa = PBXFileReference; lastKnownFileType = text.plist.xml; path = Info.plist; sourceTree = "<group>"; };
		AD66227022D41218005228D8 /* MemorizeTests.xctest */ = {isa = PBXFileReference; explicitFileType = wrapper.cfbundle; includeInIndex = 0; path = MemorizeTests.xctest; sourceTree = BUILT_PRODUCTS_DIR; };
		AD66227422D41218005228D8 /* MemorizeTests.swift */ = {isa = PBXFileReference; lastKnownFileType = sourcecode.swift; path = MemorizeTests.swift; sourceTree = "<group>"; };
		AD66227622D41218005228D8 /* Info.plist */ = {isa = PBXFileReference; lastKnownFileType = text.plist.xml; path = Info.plist; sourceTree = "<group>"; };
		AD66227B22D41218005228D8 /* MemorizeUITests.xctest */ = {isa = PBXFileReference; explicitFileType = wrapper.cfbundle; includeInIndex = 0; path = MemorizeUITests.xctest; sourceTree = BUILT_PRODUCTS_DIR; };
		AD66227F22D41218005228D8 /* MemorizeUITests.swift */ = {isa = PBXFileReference; lastKnownFileType = sourcecode.swift; path = MemorizeUITests.swift; sourceTree = "<group>"; };
		AD66228122D41218005228D8 /* Info.plist */ = {isa = PBXFileReference; lastKnownFileType = text.plist.xml; path = Info.plist; sourceTree = "<group>"; };
		AD66228D22D41465005228D8 /* MemoryItem.swift */ = {isa = PBXFileReference; lastKnownFileType = sourcecode.swift; path = MemoryItem.swift; sourceTree = "<group>"; };
		AD66228F22D414AE005228D8 /* Items.json */ = {isa = PBXFileReference; fileEncoding = 4; lastKnownFileType = text.json; path = Items.json; sourceTree = "<group>"; };
		AD66229122D42A3A005228D8 /* MemoryViewController.swift */ = {isa = PBXFileReference; lastKnownFileType = sourcecode.swift; path = MemoryViewController.swift; sourceTree = "<group>"; };
/* End PBXFileReference section */

/* Begin PBXFrameworksBuildPhase section */
		AD66225922D41213005228D8 /* Frameworks */ = {
			isa = PBXFrameworksBuildPhase;
			buildActionMask = 2147483647;
			files = (
			);
			runOnlyForDeploymentPostprocessing = 0;
		};
		AD66226D22D41218005228D8 /* Frameworks */ = {
			isa = PBXFrameworksBuildPhase;
			buildActionMask = 2147483647;
			files = (
			);
			runOnlyForDeploymentPostprocessing = 0;
		};
		AD66227822D41218005228D8 /* Frameworks */ = {
			isa = PBXFrameworksBuildPhase;
			buildActionMask = 2147483647;
			files = (
			);
			runOnlyForDeploymentPostprocessing = 0;
		};
/* End PBXFrameworksBuildPhase section */

/* Begin PBXGroup section */
		AD66225322D41213005228D8 = {
			isa = PBXGroup;
			children = (
				AD66225E22D41213005228D8 /* Memorize */,
				AD66227322D41218005228D8 /* MemorizeTests */,
				AD66227E22D41218005228D8 /* MemorizeUITests */,
				AD66225D22D41213005228D8 /* Products */,
			);
			sourceTree = "<group>";
		};
		AD66225D22D41213005228D8 /* Products */ = {
			isa = PBXGroup;
			children = (
				AD66225C22D41213005228D8 /* Memorize.app */,
				AD66227022D41218005228D8 /* MemorizeTests.xctest */,
				AD66227B22D41218005228D8 /* MemorizeUITests.xctest */,
			);
			name = Products;
			sourceTree = "<group>";
		};
		AD66225E22D41213005228D8 /* Memorize */ = {
			isa = PBXGroup;
			children = (
				AD66225F22D41213005228D8 /* AppDelegate.swift */,
				AD66228D22D41465005228D8 /* MemoryItem.swift */,
				AD66226122D41213005228D8 /* ViewController.swift */,
				AD66229122D42A3A005228D8 /* MemoryViewController.swift */,
				AD66226322D41213005228D8 /* Main.storyboard */,
				AD66226622D41218005228D8 /* Assets.xcassets */,
				AD66226822D41218005228D8 /* LaunchScreen.storyboard */,
				AD66226B22D41218005228D8 /* Info.plist */,
				AD66228F22D414AE005228D8 /* Items.json */,
			);
			path = Memorize;
			sourceTree = "<group>";
		};
		AD66227322D41218005228D8 /* MemorizeTests */ = {
			isa = PBXGroup;
			children = (
				AD66227422D41218005228D8 /* MemorizeTests.swift */,
				AD66227622D41218005228D8 /* Info.plist */,
			);
			path = MemorizeTests;
			sourceTree = "<group>";
		};
		AD66227E22D41218005228D8 /* MemorizeUITests */ = {
			isa = PBXGroup;
			children = (
				AD66227F22D41218005228D8 /* MemorizeUITests.swift */,
				AD66228122D41218005228D8 /* Info.plist */,
			);
			path = MemorizeUITests;
			sourceTree = "<group>";
		};
/* End PBXGroup section */

/* Begin PBXNativeTarget section */
		AD66225B22D41213005228D8 /* Memorize */ = {
			isa = PBXNativeTarget;
			buildConfigurationList = AD66228422D41218005228D8 /* Build configuration list for PBXNativeTarget "Memorize" */;
			buildPhases = (
				AD66225822D41213005228D8 /* Sources */,
				AD66225922D41213005228D8 /* Frameworks */,
				AD66225A22D41213005228D8 /* Resources */,
			);
			buildRules = (
			);
			dependencies = (
			);
			name = Memorize;
			productName = Memorize;
			productReference = AD66225C22D41213005228D8 /* Memorize.app */;
			productType = "com.apple.product-type.application";
		};
		AD66226F22D41218005228D8 /* MemorizeTests */ = {
			isa = PBXNativeTarget;
			buildConfigurationList = AD66228722D41218005228D8 /* Build configuration list for PBXNativeTarget "MemorizeTests" */;
			buildPhases = (
				AD66226C22D41218005228D8 /* Sources */,
				AD66226D22D41218005228D8 /* Frameworks */,
				AD66226E22D41218005228D8 /* Resources */,
			);
			buildRules = (
			);
			dependencies = (
				AD66227222D41218005228D8 /* PBXTargetDependency */,
			);
			name = MemorizeTests;
			productName = MemorizeTests;
			productReference = AD66227022D41218005228D8 /* MemorizeTests.xctest */;
			productType = "com.apple.product-type.bundle.unit-test";
		};
		AD66227A22D41218005228D8 /* MemorizeUITests */ = {
			isa = PBXNativeTarget;
			buildConfigurationList = AD66228A22D41218005228D8 /* Build configuration list for PBXNativeTarget "MemorizeUITests" */;
			buildPhases = (
				AD66227722D41218005228D8 /* Sources */,
				AD66227822D41218005228D8 /* Frameworks */,
				AD66227922D41218005228D8 /* Resources */,
			);
			buildRules = (
			);
			dependencies = (
				AD66227D22D41218005228D8 /* PBXTargetDependency */,
			);
			name = MemorizeUITests;
			productName = MemorizeUITests;
			productReference = AD66227B22D41218005228D8 /* MemorizeUITests.xctest */;
			productType = "com.apple.product-type.bundle.ui-testing";
		};
/* End PBXNativeTarget section */

/* Begin PBXProject section */
		AD66225422D41213005228D8 /* Project object */ = {
			isa = PBXProject;
			attributes = {
				LastSwiftUpdateCheck = 1020;
				LastUpgradeCheck = 1020;
				ORGANIZATIONNAME = "Abhinav Mulagada";
				TargetAttributes = {
					AD66225B22D41213005228D8 = {
						CreatedOnToolsVersion = 10.2.1;
					};
					AD66226F22D41218005228D8 = {
						CreatedOnToolsVersion = 10.2.1;
						TestTargetID = AD66225B22D41213005228D8;
					};
					AD66227A22D41218005228D8 = {
						CreatedOnToolsVersion = 10.2.1;
						TestTargetID = AD66225B22D41213005228D8;
					};
				};
			};
			buildConfigurationList = AD66225722D41213005228D8 /* Build configuration list for PBXProject "Memorize" */;
			compatibilityVersion = "Xcode 9.3";
			developmentRegion = en;
			hasScannedForEncodings = 0;
			knownRegions = (
				en,
				Base,
			);
			mainGroup = AD66225322D41213005228D8;
			productRefGroup = AD66225D22D41213005228D8 /* Products */;
			projectDirPath = "";
			projectRoot = "";
			targets = (
				AD66225B22D41213005228D8 /* Memorize */,
				AD66226F22D41218005228D8 /* MemorizeTests */,
				AD66227A22D41218005228D8 /* MemorizeUITests */,
			);
		};
/* End PBXProject section */

/* Begin PBXResourcesBuildPhase section */
		AD66225A22D41213005228D8 /* Resources */ = {
			isa = PBXResourcesBuildPhase;
			buildActionMask = 2147483647;
			files = (
				AD66229022D414AF005228D8 /* Items.json in Resources */,
				AD66226A22D41218005228D8 /* LaunchScreen.storyboard in Resources */,
				AD66226722D41218005228D8 /* Assets.xcassets in Resources */,
				AD66226522D41213005228D8 /* Main.storyboard in Resources */,
			);
			runOnlyForDeploymentPostprocessing = 0;
		};
		AD66226E22D41218005228D8 /* Resources */ = {
			isa = PBXResourcesBuildPhase;
			buildActionMask = 2147483647;
			files = (
			);
			runOnlyForDeploymentPostprocessing = 0;
		};
		AD66227922D41218005228D8 /* Resources */ = {
			isa = PBXResourcesBuildPhase;
			buildActionMask = 2147483647;
			files = (
			);
			runOnlyForDeploymentPostprocessing = 0;
		};
/* End PBXResourcesBuildPhase section */

/* Begin PBXSourcesBuildPhase section */
		AD66225822D41213005228D8 /* Sources */ = {
			isa = PBXSourcesBuildPhase;
			buildActionMask = 2147483647;
			files = (
				AD66226222D41213005228D8 /* ViewController.swift in Sources */,
				AD66229222D42A3A005228D8 /* MemoryViewController.swift in Sources */,
				AD66226022D41213005228D8 /* AppDelegate.swift in Sources */,
				AD66228E22D41465005228D8 /* MemoryItem.swift in Sources */,
			);
			runOnlyForDeploymentPostprocessing = 0;
		};
		AD66226C22D41218005228D8 /* Sources */ = {
			isa = PBXSourcesBuildPhase;
			buildActionMask = 2147483647;
			files = (
				AD66227522D41218005228D8 /* MemorizeTests.swift in Sources */,
			);
			runOnlyForDeploymentPostprocessing = 0;
		};
		AD66227722D41218005228D8 /* Sources */ = {
			isa = PBXSourcesBuildPhase;
			buildActionMask = 2147483647;
			files = (
				AD66228022D41218005228D8 /* MemorizeUITests.swift in Sources */,
			);
			runOnlyForDeploymentPostprocessing = 0;
		};
/* End PBXSourcesBuildPhase section */

/* Begin PBXTargetDependency section */
		AD66227222D41218005228D8 /* PBXTargetDependency */ = {
			isa = PBXTargetDependency;
			target = AD66225B22D41213005228D8 /* Memorize */;
			targetProxy = AD66227122D41218005228D8 /* PBXContainerItemProxy */;
		};
		AD66227D22D41218005228D8 /* PBXTargetDependency */ = {
			isa = PBXTargetDependency;
			target = AD66225B22D41213005228D8 /* Memorize */;
			targetProxy = AD66227C22D41218005228D8 /* PBXContainerItemProxy */;
		};
/* End PBXTargetDependency section */

/* Begin PBXVariantGroup section */
		AD66226322D41213005228D8 /* Main.storyboard */ = {
			isa = PBXVariantGroup;
			children = (
				AD66226422D41213005228D8 /* Base */,
			);
			name = Main.storyboard;
			sourceTree = "<group>";
		};
		AD66226822D41218005228D8 /* LaunchScreen.storyboard */ = {
			isa = PBXVariantGroup;
			children = (
				AD66226922D41218005228D8 /* Base */,
			);
			name = LaunchScreen.storyboard;
			sourceTree = "<group>";
		};
/* End PBXVariantGroup section */

/* Begin XCBuildConfiguration section */
		AD66228222D41218005228D8 /* Debug */ = {
			isa = XCBuildConfiguration;
			buildSettings = {
				ALWAYS_SEARCH_USER_PATHS = NO;
				CLANG_ANALYZER_NONNULL = YES;
				CLANG_ANALYZER_NUMBER_OBJECT_CONVERSION = YES_AGGRESSIVE;
				CLANG_CXX_LANGUAGE_STANDARD = "gnu++14";
				CLANG_CXX_LIBRARY = "libc++";
				CLANG_ENABLE_MODULES = YES;
				CLANG_ENABLE_OBJC_ARC = YES;
				CLANG_ENABLE_OBJC_WEAK = YES;
				CLANG_WARN_BLOCK_CAPTURE_AUTORELEASING = YES;
				CLANG_WARN_BOOL_CONVERSION = YES;
				CLANG_WARN_COMMA = YES;
				CLANG_WARN_CONSTANT_CONVERSION = YES;
				CLANG_WARN_DEPRECATED_OBJC_IMPLEMENTATIONS = YES;
				CLANG_WARN_DIRECT_OBJC_ISA_USAGE = YES_ERROR;
				CLANG_WARN_DOCUMENTATION_COMMENTS = YES;
				CLANG_WARN_EMPTY_BODY = YES;
				CLANG_WARN_ENUM_CONVERSION = YES;
				CLANG_WARN_INFINITE_RECURSION = YES;
				CLANG_WARN_INT_CONVERSION = YES;
				CLANG_WARN_NON_LITERAL_NULL_CONVERSION = YES;
				CLANG_WARN_OBJC_IMPLICIT_RETAIN_SELF = YES;
				CLANG_WARN_OBJC_LITERAL_CONVERSION = YES;
				CLANG_WARN_OBJC_ROOT_CLASS = YES_ERROR;
				CLANG_WARN_RANGE_LOOP_ANALYSIS = YES;
				CLANG_WARN_STRICT_PROTOTYPES = YES;
				CLANG_WARN_SUSPICIOUS_MOVE = YES;
				CLANG_WARN_UNGUARDED_AVAILABILITY = YES_AGGRESSIVE;
				CLANG_WARN_UNREACHABLE_CODE = YES;
				CLANG_WARN__DUPLICATE_METHOD_MATCH = YES;
				CODE_SIGN_IDENTITY = "iPhone Developer";
				COPY_PHASE_STRIP = NO;
				DEBUG_INFORMATION_FORMAT = dwarf;
				ENABLE_STRICT_OBJC_MSGSEND = YES;
				ENABLE_TESTABILITY = YES;
				GCC_C_LANGUAGE_STANDARD = gnu11;
				GCC_DYNAMIC_NO_PIC = NO;
				GCC_NO_COMMON_BLOCKS = YES;
				GCC_OPTIMIZATION_LEVEL = 0;
				GCC_PREPROCESSOR_DEFINITIONS = (
					"DEBUG=1",
					"$(inherited)",
				);
				GCC_WARN_64_TO_32_BIT_CONVERSION = YES;
				GCC_WARN_ABOUT_RETURN_TYPE = YES_ERROR;
				GCC_WARN_UNDECLARED_SELECTOR = YES;
				GCC_WARN_UNINITIALIZED_AUTOS = YES_AGGRESSIVE;
				GCC_WARN_UNUSED_FUNCTION = YES;
				GCC_WARN_UNUSED_VARIABLE = YES;
				IPHONEOS_DEPLOYMENT_TARGET = 12.2;
				MTL_ENABLE_DEBUG_INFO = INCLUDE_SOURCE;
				MTL_FAST_MATH = YES;
				ONLY_ACTIVE_ARCH = YES;
				SDKROOT = iphoneos;
				SWIFT_ACTIVE_COMPILATION_CONDITIONS = DEBUG;
				SWIFT_OPTIMIZATION_LEVEL = "-Onone";
			};
			name = Debug;
		};
		AD66228322D41218005228D8 /* Release */ = {
			isa = XCBuildConfiguration;
			buildSettings = {
				ALWAYS_SEARCH_USER_PATHS = NO;
				CLANG_ANALYZER_NONNULL = YES;
				CLANG_ANALYZER_NUMBER_OBJECT_CONVERSION = YES_AGGRESSIVE;
				CLANG_CXX_LANGUAGE_STANDARD = "gnu++14";
				CLANG_CXX_LIBRARY = "libc++";
				CLANG_ENABLE_MODULES = YES;
				CLANG_ENABLE_OBJC_ARC = YES;
				CLANG_ENABLE_OBJC_WEAK = YES;
				CLANG_WARN_BLOCK_CAPTURE_AUTORELEASING = YES;
				CLANG_WARN_BOOL_CONVERSION = YES;
				CLANG_WARN_COMMA = YES;
				CLANG_WARN_CONSTANT_CONVERSION = YES;
				CLANG_WARN_DEPRECATED_OBJC_IMPLEMENTATIONS = YES;
				CLANG_WARN_DIRECT_OBJC_ISA_USAGE = YES_ERROR;
				CLANG_WARN_DOCUMENTATION_COMMENTS = YES;
				CLANG_WARN_EMPTY_BODY = YES;
				CLANG_WARN_ENUM_CONVERSION = YES;
				CLANG_WARN_INFINITE_RECURSION = YES;
				CLANG_WARN_INT_CONVERSION = YES;
				CLANG_WARN_NON_LITERAL_NULL_CONVERSION = YES;
				CLANG_WARN_OBJC_IMPLICIT_RETAIN_SELF = YES;
				CLANG_WARN_OBJC_LITERAL_CONVERSION = YES;
				CLANG_WARN_OBJC_ROOT_CLASS = YES_ERROR;
				CLANG_WARN_RANGE_LOOP_ANALYSIS = YES;
				CLANG_WARN_STRICT_PROTOTYPES = YES;
				CLANG_WARN_SUSPICIOUS_MOVE = YES;
				CLANG_WARN_UNGUARDED_AVAILABILITY = YES_AGGRESSIVE;
				CLANG_WARN_UNREACHABLE_CODE = YES;
				CLANG_WARN__DUPLICATE_METHOD_MATCH = YES;
				CODE_SIGN_IDENTITY = "iPhone Developer";
				COPY_PHASE_STRIP = NO;
				DEBUG_INFORMATION_FORMAT = "dwarf-with-dsym";
				ENABLE_NS_ASSERTIONS = NO;
				ENABLE_STRICT_OBJC_MSGSEND = YES;
				GCC_C_LANGUAGE_STANDARD = gnu11;
				GCC_NO_COMMON_BLOCKS = YES;
				GCC_WARN_64_TO_32_BIT_CONVERSION = YES;
				GCC_WARN_ABOUT_RETURN_TYPE = YES_ERROR;
				GCC_WARN_UNDECLARED_SELECTOR = YES;
				GCC_WARN_UNINITIALIZED_AUTOS = YES_AGGRESSIVE;
				GCC_WARN_UNUSED_FUNCTION = YES;
				GCC_WARN_UNUSED_VARIABLE = YES;
				IPHONEOS_DEPLOYMENT_TARGET = 12.2;
				MTL_ENABLE_DEBUG_INFO = NO;
				MTL_FAST_MATH = YES;
				SDKROOT = iphoneos;
				SWIFT_COMPILATION_MODE = wholemodule;
				SWIFT_OPTIMIZATION_LEVEL = "-O";
				VALIDATE_PRODUCT = YES;
			};
			name = Release;
		};
		AD66228522D41218005228D8 /* Debug */ = {
			isa = XCBuildConfiguration;
			buildSettings = {
				ASSETCATALOG_COMPILER_APPICON_NAME = AppIcon;
				CODE_SIGN_STYLE = Automatic;
				DEVELOPMENT_TEAM = U7283SFBN2;
				INFOPLIST_FILE = Memorize/Info.plist;
				LD_RUNPATH_SEARCH_PATHS = (
					"$(inherited)",
					"@executable_path/Frameworks",
				);
				PRODUCT_BUNDLE_IDENTIFIER = com.abhinavkm.Memorize;
				PRODUCT_NAME = "$(TARGET_NAME)";
				SWIFT_VERSION = 5.0;
				TARGETED_DEVICE_FAMILY = "1,2";
			};
			name = Debug;
		};
		AD66228622D41218005228D8 /* Release */ = {
			isa = XCBuildConfiguration;
			buildSettings = {
				ASSETCATALOG_COMPILER_APPICON_NAME = AppIcon;
				CODE_SIGN_STYLE = Automatic;
				DEVELOPMENT_TEAM = U7283SFBN2;
				INFOPLIST_FILE = Memorize/Info.plist;
				LD_RUNPATH_SEARCH_PATHS = (
					"$(inherited)",
					"@executable_path/Frameworks",
				);
				PRODUCT_BUNDLE_IDENTIFIER = com.abhinavkm.Memorize;
				PRODUCT_NAME = "$(TARGET_NAME)";
				SWIFT_VERSION = 5.0;
				TARGETED_DEVICE_FAMILY = "1,2";
			};
			name = Release;
		};
		AD66228822D41218005228D8 /* Debug */ = {
			isa = XCBuildConfiguration;
			buildSettings = {
				ALWAYS_EMBED_SWIFT_STANDARD_LIBRARIES = YES;
				BUNDLE_LOADER = "$(TEST_HOST)";
				CODE_SIGN_STYLE = Automatic;
				DEVELOPMENT_TEAM = U7283SFBN2;
				INFOPLIST_FILE = MemorizeTests/Info.plist;
				LD_RUNPATH_SEARCH_PATHS = (
					"$(inherited)",
					"@executable_path/Frameworks",
					"@loader_path/Frameworks",
				);
				PRODUCT_BUNDLE_IDENTIFIER = com.abhinavkm.MemorizeTests;
				PRODUCT_NAME = "$(TARGET_NAME)";
				SWIFT_VERSION = 5.0;
				TARGETED_DEVICE_FAMILY = "1,2";
				TEST_HOST = "$(BUILT_PRODUCTS_DIR)/Memorize.app/Memorize";
			};
			name = Debug;
		};
		AD66228922D41218005228D8 /* Release */ = {
			isa = XCBuildConfiguration;
			buildSettings = {
				ALWAYS_EMBED_SWIFT_STANDARD_LIBRARIES = YES;
				BUNDLE_LOADER = "$(TEST_HOST)";
				CODE_SIGN_STYLE = Automatic;
				DEVELOPMENT_TEAM = U7283SFBN2;
				INFOPLIST_FILE = MemorizeTests/Info.plist;
				LD_RUNPATH_SEARCH_PATHS = (
					"$(inherited)",
					"@executable_path/Frameworks",
					"@loader_path/Frameworks",
				);
				PRODUCT_BUNDLE_IDENTIFIER = com.abhinavkm.MemorizeTests;
				PRODUCT_NAME = "$(TARGET_NAME)";
				SWIFT_VERSION = 5.0;
				TARGETED_DEVICE_FAMILY = "1,2";
				TEST_HOST = "$(BUILT_PRODUCTS_DIR)/Memorize.app/Memorize";
			};
			name = Release;
		};
		AD66228B22D41218005228D8 /* Debug */ = {
			isa = XCBuildConfiguration;
			buildSettings = {
				ALWAYS_EMBED_SWIFT_STANDARD_LIBRARIES = YES;
				CODE_SIGN_STYLE = Automatic;
				DEVELOPMENT_TEAM = U7283SFBN2;
				INFOPLIST_FILE = MemorizeUITests/Info.plist;
				LD_RUNPATH_SEARCH_PATHS = (
					"$(inherited)",
					"@executable_path/Frameworks",
					"@loader_path/Frameworks",
				);
				PRODUCT_BUNDLE_IDENTIFIER = com.abhinavkm.MemorizeUITests;
				PRODUCT_NAME = "$(TARGET_NAME)";
				SWIFT_VERSION = 5.0;
				TARGETED_DEVICE_FAMILY = "1,2";
				TEST_TARGET_NAME = Memorize;
			};
			name = Debug;
		};
		AD66228C22D41218005228D8 /* Release */ = {
			isa = XCBuildConfiguration;
			buildSettings = {
				ALWAYS_EMBED_SWIFT_STANDARD_LIBRARIES = YES;
				CODE_SIGN_STYLE = Automatic;
				DEVELOPMENT_TEAM = U7283SFBN2;
				INFOPLIST_FILE = MemorizeUITests/Info.plist;
				LD_RUNPATH_SEARCH_PATHS = (
					"$(inherited)",
					"@executable_path/Frameworks",
					"@loader_path/Frameworks",
				);
				PRODUCT_BUNDLE_IDENTIFIER = com.abhinavkm.MemorizeUITests;
				PRODUCT_NAME = "$(TARGET_NAME)";
				SWIFT_VERSION = 5.0;
				TARGETED_DEVICE_FAMILY = "1,2";
				TEST_TARGET_NAME = Memorize;
			};
			name = Release;
		};
/* End XCBuildConfiguration section */

/* Begin XCConfigurationList section */
		AD66225722D41213005228D8 /* Build configuration list for PBXProject "Memorize" */ = {
			isa = XCConfigurationList;
			buildConfigurations = (
				AD66228222D41218005228D8 /* Debug */,
				AD66228322D41218005228D8 /* Release */,
			);
			defaultConfigurationIsVisible = 0;
			defaultConfigurationName = Release;
		};
		AD66228422D41218005228D8 /* Build configuration list for PBXNativeTarget "Memorize" */ = {
			isa = XCConfigurationList;
			buildConfigurations = (
				AD66228522D41218005228D8 /* Debug */,
				AD66228622D41218005228D8 /* Release */,
			);
			defaultConfigurationIsVisible = 0;
			defaultConfigurationName = Release;
		};
		AD66228722D41218005228D8 /* Build configuration list for PBXNativeTarget "MemorizeTests" */ = {
			isa = XCConfigurationList;
			buildConfigurations = (
				AD66228822D41218005228D8 /* Debug */,
				AD66228922D41218005228D8 /* Release */,
			);
			defaultConfigurationIsVisible = 0;
			defaultConfigurationName = Release;
		};
		AD66228A22D41218005228D8 /* Build configuration list for PBXNativeTarget "MemorizeUITests" */ = {
			isa = XCConfigurationList;
			buildConfigurations = (
				AD66228B22D41218005228D8 /* Debug */,
				AD66228C22D41218005228D8 /* Release */,
			);
			defaultConfigurationIsVisible = 0;
			defaultConfigurationName = Release;
		};
/* End XCConfigurationList section */
	};
	rootObject = AD66225422D41213005228D8 /* Project object */;
}
